// !$*UTF8*$!
{
	archiveVersion = 1;
	classes = {
	};
	objectVersion = 48;
	objects = {

/* Begin PBXBuildFile section */
		078318961FD648E800908F2D /* ParkingDetailsViewController.m in Sources */ = {isa = PBXBuildFile; fileRef = 0783188E1FD648E700908F2D /* ParkingDetailsViewController.m */; };
		078318971FD648E800908F2D /* ParkingListViewController.m in Sources */ = {isa = PBXBuildFile; fileRef = 0783188F1FD648E700908F2D /* ParkingListViewController.m */; };
		078318981FD648E800908F2D /* ParkingPal.xcdatamodeld in Sources */ = {isa = PBXBuildFile; fileRef = 078318911FD648E700908F2D /* ParkingPal.xcdatamodeld */; };
		078318991FD648E800908F2D /* ParkingRecord.m in Sources */ = {isa = PBXBuildFile; fileRef = 078318931FD648E800908F2D /* ParkingRecord.m */; };
		07F59CDB1FD64826008E95A2 /* AppDelegate.m in Sources */ = {isa = PBXBuildFile; fileRef = 07F59CDA1FD64826008E95A2 /* AppDelegate.m */; };
		07F59CDE1FD64826008E95A2 /* ViewController.m in Sources */ = {isa = PBXBuildFile; fileRef = 07F59CDD1FD64826008E95A2 /* ViewController.m */; };
		07F59CE11FD64826008E95A2 /* Main.storyboard in Resources */ = {isa = PBXBuildFile; fileRef = 07F59CDF1FD64826008E95A2 /* Main.storyboard */; };
		07F59CE41FD64826008E95A2 /* ParkingPal.xcdatamodeld in Sources */ = {isa = PBXBuildFile; fileRef = 07F59CE21FD64826008E95A2 /* ParkingPal.xcdatamodeld */; };
		07F59CE61FD64826008E95A2 /* Assets.xcassets in Resources */ = {isa = PBXBuildFile; fileRef = 07F59CE51FD64826008E95A2 /* Assets.xcassets */; };
		07F59CE91FD64826008E95A2 /* LaunchScreen.storyboard in Resources */ = {isa = PBXBuildFile; fileRef = 07F59CE71FD64826008E95A2 /* LaunchScreen.storyboard */; };
		07F59CEC1FD64826008E95A2 /* main.m in Sources */ = {isa = PBXBuildFile; fileRef = 07F59CEB1FD64826008E95A2 /* main.m */; };
		07F59CF61FD64826008E95A2 /* ParkingPalTests.m in Sources */ = {isa = PBXBuildFile; fileRef = 07F59CF51FD64826008E95A2 /* ParkingPalTests.m */; };
		07F59D011FD64826008E95A2 /* ParkingPalUITests.m in Sources */ = {isa = PBXBuildFile; fileRef = 07F59D001FD64826008E95A2 /* ParkingPalUITests.m */; };
/* End PBXBuildFile section */

/* Begin PBXContainerItemProxy section */
		07F59CF21FD64826008E95A2 /* PBXContainerItemProxy */ = {
			isa = PBXContainerItemProxy;
			containerPortal = 07F59CCE1FD64826008E95A2 /* Project object */;
			proxyType = 1;
			remoteGlobalIDString = 07F59CD51FD64826008E95A2;
			remoteInfo = ParkingPal;
		};
		07F59CFD1FD64826008E95A2 /* PBXContainerItemProxy */ = {
			isa = PBXContainerItemProxy;
			containerPortal = 07F59CCE1FD64826008E95A2 /* Project object */;
			proxyType = 1;
			remoteGlobalIDString = 07F59CD51FD64826008E95A2;
			remoteInfo = ParkingPal;
		};
/* End PBXContainerItemProxy section */

/* Begin PBXFileReference section */
		0783188E1FD648E700908F2D /* ParkingDetailsViewController.m */ = {isa = PBXFileReference; fileEncoding = 4; lastKnownFileType = sourcecode.c.objc; path = ParkingDetailsViewController.m; sourceTree = "<group>"; };
		0783188F1FD648E700908F2D /* ParkingListViewController.m */ = {isa = PBXFileReference; fileEncoding = 4; lastKnownFileType = sourcecode.c.objc; path = ParkingListViewController.m; sourceTree = "<group>"; };
		078318901FD648E700908F2D /* ParkingListViewController.h */ = {isa = PBXFileReference; fileEncoding = 4; lastKnownFileType = sourcecode.c.h; path = ParkingListViewController.h; sourceTree = "<group>"; };
		078318921FD648E700908F2D /* ParkingPal.xcdatamodel */ = {isa = PBXFileReference; lastKnownFileType = wrapper.xcdatamodel; path = ParkingPal.xcdatamodel; sourceTree = "<group>"; };
		078318931FD648E800908F2D /* ParkingRecord.m */ = {isa = PBXFileReference; fileEncoding = 4; lastKnownFileType = sourcecode.c.objc; path = ParkingRecord.m; sourceTree = "<group>"; };
		078318941FD648E800908F2D /* ParkingRecord.h */ = {isa = PBXFileReference; fileEncoding = 4; lastKnownFileType = sourcecode.c.h; path = ParkingRecord.h; sourceTree = "<group>"; };
		078318951FD648E800908F2D /* ParkingDetailsViewController.h */ = {isa = PBXFileReference; fileEncoding = 4; lastKnownFileType = sourcecode.c.h; path = ParkingDetailsViewController.h; sourceTree = "<group>"; };
		07F59CD61FD64826008E95A2 /* ParkingPal.app */ = {isa = PBXFileReference; explicitFileType = wrapper.application; includeInIndex = 0; path = ParkingPal.app; sourceTree = BUILT_PRODUCTS_DIR; };
		07F59CD91FD64826008E95A2 /* AppDelegate.h */ = {isa = PBXFileReference; lastKnownFileType = sourcecode.c.h; path = AppDelegate.h; sourceTree = "<group>"; };
		07F59CDA1FD64826008E95A2 /* AppDelegate.m */ = {isa = PBXFileReference; lastKnownFileType = sourcecode.c.objc; path = AppDelegate.m; sourceTree = "<group>"; };
		07F59CDC1FD64826008E95A2 /* ViewController.h */ = {isa = PBXFileReference; lastKnownFileType = sourcecode.c.h; path = ViewController.h; sourceTree = "<group>"; };
		07F59CDD1FD64826008E95A2 /* ViewController.m */ = {isa = PBXFileReference; lastKnownFileType = sourcecode.c.objc; path = ViewController.m; sourceTree = "<group>"; };
		07F59CE01FD64826008E95A2 /* Base */ = {isa = PBXFileReference; lastKnownFileType = file.storyboard; name = Base; path = Base.lproj/Main.storyboard; sourceTree = "<group>"; };
		07F59CE31FD64826008E95A2 /* ParkingPal.xcdatamodel */ = {isa = PBXFileReference; lastKnownFileType = wrapper.xcdatamodel; path = ParkingPal.xcdatamodel; sourceTree = "<group>"; };
		07F59CE51FD64826008E95A2 /* Assets.xcassets */ = {isa = PBXFileReference; lastKnownFileType = folder.assetcatalog; path = Assets.xcassets; sourceTree = "<group>"; };
		07F59CE81FD64826008E95A2 /* Base */ = {isa = PBXFileReference; lastKnownFileType = file.storyboard; name = Base; path = Base.lproj/LaunchScreen.storyboard; sourceTree = "<group>"; };
		07F59CEA1FD64826008E95A2 /* Info.plist */ = {isa = PBXFileReference; lastKnownFileType = text.plist.xml; path = Info.plist; sourceTree = "<group>"; };
		07F59CEB1FD64826008E95A2 /* main.m */ = {isa = PBXFileReference; lastKnownFileType = sourcecode.c.objc; path = main.m; sourceTree = "<group>"; };
		07F59CF11FD64826008E95A2 /* ParkingPalTests.xctest */ = {isa = PBXFileReference; explicitFileType = wrapper.cfbundle; includeInIndex = 0; path = ParkingPalTests.xctest; sourceTree = BUILT_PRODUCTS_DIR; };
		07F59CF51FD64826008E95A2 /* ParkingPalTests.m */ = {isa = PBXFileReference; lastKnownFileType = sourcecode.c.objc; path = ParkingPalTests.m; sourceTree = "<group>"; };
		07F59CF71FD64826008E95A2 /* Info.plist */ = {isa = PBXFileReference; lastKnownFileType = text.plist.xml; path = Info.plist; sourceTree = "<group>"; };
		07F59CFC1FD64826008E95A2 /* ParkingPalUITests.xctest */ = {isa = PBXFileReference; explicitFileType = wrapper.cfbundle; includeInIndex = 0; path = ParkingPalUITests.xctest; sourceTree = BUILT_PRODUCTS_DIR; };
		07F59D001FD64826008E95A2 /* ParkingPalUITests.m */ = {isa = PBXFileReference; lastKnownFileType = sourcecode.c.objc; path = ParkingPalUITests.m; sourceTree = "<group>"; };
		07F59D021FD64826008E95A2 /* Info.plist */ = {isa = PBXFileReference; lastKnownFileType = text.plist.xml; path = Info.plist; sourceTree = "<group>"; };
/* End PBXFileReference section */

/* Begin PBXFrameworksBuildPhase section */
		07F59CD31FD64826008E95A2 /* Frameworks */ = {
			isa = PBXFrameworksBuildPhase;
			buildActionMask = 2147483647;
			files = (
			);
			runOnlyForDeploymentPostprocessing = 0;
		};
		07F59CEE1FD64826008E95A2 /* Frameworks */ = {
			isa = PBXFrameworksBuildPhase;
			buildActionMask = 2147483647;
			files = (
			);
			runOnlyForDeploymentPostprocessing = 0;
		};
		07F59CF91FD64826008E95A2 /* Frameworks */ = {
			isa = PBXFrameworksBuildPhase;
			buildActionMask = 2147483647;
			files = (
			);
			runOnlyForDeploymentPostprocessing = 0;
		};
/* End PBXFrameworksBuildPhase section */

/* Begin PBXGroup section */
		07F59CCD1FD64826008E95A2 = {
			isa = PBXGroup;
			children = (
				07F59CD81FD64826008E95A2 /* ParkingPal */,
				07F59CF41FD64826008E95A2 /* ParkingPalTests */,
				07F59CFF1FD64826008E95A2 /* ParkingPalUITests */,
				07F59CD71FD64826008E95A2 /* Products */,
			);
			sourceTree = "<group>";
		};
		07F59CD71FD64826008E95A2 /* Products */ = {
			isa = PBXGroup;
			children = (
				07F59CD61FD64826008E95A2 /* ParkingPal.app */,
				07F59CF11FD64826008E95A2 /* ParkingPalTests.xctest */,
				07F59CFC1FD64826008E95A2 /* ParkingPalUITests.xctest */,
			);
			name = Products;
			sourceTree = "<group>";
		};
		07F59CD81FD64826008E95A2 /* ParkingPal */ = {
			isa = PBXGroup;
			children = (
				078318951FD648E800908F2D /* ParkingDetailsViewController.h */,
				0783188E1FD648E700908F2D /* ParkingDetailsViewController.m */,
				078318901FD648E700908F2D /* ParkingListViewController.h */,
				0783188F1FD648E700908F2D /* ParkingListViewController.m */,
				078318911FD648E700908F2D /* ParkingPal.xcdatamodeld */,
				078318941FD648E800908F2D /* ParkingRecord.h */,
				078318931FD648E800908F2D /* ParkingRecord.m */,
				07F59CD91FD64826008E95A2 /* AppDelegate.h */,
				07F59CDA1FD64826008E95A2 /* AppDelegate.m */,
				07F59CDC1FD64826008E95A2 /* ViewController.h */,
				07F59CDD1FD64826008E95A2 /* ViewController.m */,
				07F59CDF1FD64826008E95A2 /* Main.storyboard */,
				07F59CE51FD64826008E95A2 /* Assets.xcassets */,
				07F59CE71FD64826008E95A2 /* LaunchScreen.storyboard */,
				07F59CEA1FD64826008E95A2 /* Info.plist */,
				07F59CEB1FD64826008E95A2 /* main.m */,
				07F59CE21FD64826008E95A2 /* ParkingPal.xcdatamodeld */,
			);
			path = ParkingPal;
			sourceTree = "<group>";
		};
		07F59CF41FD64826008E95A2 /* ParkingPalTests */ = {
			isa = PBXGroup;
			children = (
				07F59CF51FD64826008E95A2 /* ParkingPalTests.m */,
				07F59CF71FD64826008E95A2 /* Info.plist */,
			);
			path = ParkingPalTests;
			sourceTree = "<group>";
		};
		07F59CFF1FD64826008E95A2 /* ParkingPalUITests */ = {
			isa = PBXGroup;
			children = (
				07F59D001FD64826008E95A2 /* ParkingPalUITests.m */,
				07F59D021FD64826008E95A2 /* Info.plist */,
			);
			path = ParkingPalUITests;
			sourceTree = "<group>";
		};
/* End PBXGroup section */

/* Begin PBXNativeTarget section */
		07F59CD51FD64826008E95A2 /* ParkingPal */ = {
			isa = PBXNativeTarget;
			buildConfigurationList = 07F59D051FD64826008E95A2 /* Build configuration list for PBXNativeTarget "ParkingPal" */;
			buildPhases = (
				07F59CD21FD64826008E95A2 /* Sources */,
				07F59CD31FD64826008E95A2 /* Frameworks */,
				07F59CD41FD64826008E95A2 /* Resources */,
			);
			buildRules = (
			);
			dependencies = (
			);
			name = ParkingPal;
			productName = ParkingPal;
			productReference = 07F59CD61FD64826008E95A2 /* ParkingPal.app */;
			productType = "com.apple.product-type.application";
		};
		07F59CF01FD64826008E95A2 /* ParkingPalTests */ = {
			isa = PBXNativeTarget;
			buildConfigurationList = 07F59D081FD64826008E95A2 /* Build configuration list for PBXNativeTarget "ParkingPalTests" */;
			buildPhases = (
				07F59CED1FD64826008E95A2 /* Sources */,
				07F59CEE1FD64826008E95A2 /* Frameworks */,
				07F59CEF1FD64826008E95A2 /* Resources */,
			);
			buildRules = (
			);
			dependencies = (
				07F59CF31FD64826008E95A2 /* PBXTargetDependency */,
			);
			name = ParkingPalTests;
			productName = ParkingPalTests;
			productReference = 07F59CF11FD64826008E95A2 /* ParkingPalTests.xctest */;
			productType = "com.apple.product-type.bundle.unit-test";
		};
		07F59CFB1FD64826008E95A2 /* ParkingPalUITests */ = {
			isa = PBXNativeTarget;
			buildConfigurationList = 07F59D0B1FD64826008E95A2 /* Build configuration list for PBXNativeTarget "ParkingPalUITests" */;
			buildPhases = (
				07F59CF81FD64826008E95A2 /* Sources */,
				07F59CF91FD64826008E95A2 /* Frameworks */,
				07F59CFA1FD64826008E95A2 /* Resources */,
			);
			buildRules = (
			);
			dependencies = (
				07F59CFE1FD64826008E95A2 /* PBXTargetDependency */,
			);
			name = ParkingPalUITests;
			productName = ParkingPalUITests;
			productReference = 07F59CFC1FD64826008E95A2 /* ParkingPalUITests.xctest */;
			productType = "com.apple.product-type.bundle.ui-testing";
		};
/* End PBXNativeTarget section */

/* Begin PBXProject section */
		07F59CCE1FD64826008E95A2 /* Project object */ = {
			isa = PBXProject;
			attributes = {
				LastUpgradeCheck = 0910;
				ORGANIZATIONNAME = "Eric Robertson";
				TargetAttributes = {
					07F59CD51FD64826008E95A2 = {
						CreatedOnToolsVersion = 9.1;
						ProvisioningStyle = Automatic;
					};
					07F59CF01FD64826008E95A2 = {
						CreatedOnToolsVersion = 9.1;
						ProvisioningStyle = Automatic;
						TestTargetID = 07F59CD51FD64826008E95A2;
					};
					07F59CFB1FD64826008E95A2 = {
						CreatedOnToolsVersion = 9.1;
						ProvisioningStyle = Automatic;
						TestTargetID = 07F59CD51FD64826008E95A2;
					};
				};
			};
			buildConfigurationList = 07F59CD11FD64826008E95A2 /* Build configuration list for PBXProject "ParkingPal" */;
			compatibilityVersion = "Xcode 8.0";
			developmentRegion = en;
			hasScannedForEncodings = 0;
			knownRegions = (
				en,
				Base,
			);
			mainGroup = 07F59CCD1FD64826008E95A2;
			productRefGroup = 07F59CD71FD64826008E95A2 /* Products */;
			projectDirPath = "";
			projectRoot = "";
			targets = (
				07F59CD51FD64826008E95A2 /* ParkingPal */,
				07F59CF01FD64826008E95A2 /* ParkingPalTests */,
				07F59CFB1FD64826008E95A2 /* ParkingPalUITests */,
			);
		};
/* End PBXProject section */

/* Begin PBXResourcesBuildPhase section */
		07F59CD41FD64826008E95A2 /* Resources */ = {
			isa = PBXResourcesBuildPhase;
			buildActionMask = 2147483647;
			files = (
				07F59CE91FD64826008E95A2 /* LaunchScreen.storyboard in Resources */,
				07F59CE61FD64826008E95A2 /* Assets.xcassets in Resources */,
				07F59CE11FD64826008E95A2 /* Main.storyboard in Resources */,
			);
			runOnlyForDeploymentPostprocessing = 0;
		};
		07F59CEF1FD64826008E95A2 /* Resources */ = {
			isa = PBXResourcesBuildPhase;
			buildActionMask = 2147483647;
			files = (
			);
			runOnlyForDeploymentPostprocessing = 0;
		};
		07F59CFA1FD64826008E95A2 /* Resources */ = {
			isa = PBXResourcesBuildPhase;
			buildActionMask = 2147483647;
			files = (
			);
			runOnlyForDeploymentPostprocessing = 0;
		};
/* End PBXResourcesBuildPhase section */

/* Begin PBXSourcesBuildPhase section */
		07F59CD21FD64826008E95A2 /* Sources */ = {
			isa = PBXSourcesBuildPhase;
			buildActionMask = 2147483647;
			files = (
				078318961FD648E800908F2D /* ParkingDetailsViewController.m in Sources */,
				078318971FD648E800908F2D /* ParkingListViewController.m in Sources */,
				07F59CDE1FD64826008E95A2 /* ViewController.m in Sources */,
				07F59CE41FD64826008E95A2 /* ParkingPal.xcdatamodeld in Sources */,
				07F59CEC1FD64826008E95A2 /* main.m in Sources */,
				078318991FD648E800908F2D /* ParkingRecord.m in Sources */,
				078318981FD648E800908F2D /* ParkingPal.xcdatamodeld in Sources */,
				07F59CDB1FD64826008E95A2 /* AppDelegate.m in Sources */,
			);
			runOnlyForDeploymentPostprocessing = 0;
		};
		07F59CED1FD64826008E95A2 /* Sources */ = {
			isa = PBXSourcesBuildPhase;
			buildActionMask = 2147483647;
			files = (
				07F59CF61FD64826008E95A2 /* ParkingPalTests.m in Sources */,
			);
			runOnlyForDeploymentPostprocessing = 0;
		};
		07F59CF81FD64826008E95A2 /* Sources */ = {
			isa = PBXSourcesBuildPhase;
			buildActionMask = 2147483647;
			files = (
				07F59D011FD64826008E95A2 /* ParkingPalUITests.m in Sources */,
			);
			runOnlyForDeploymentPostprocessing = 0;
		};
/* End PBXSourcesBuildPhase section */

/* Begin PBXTargetDependency section */
		07F59CF31FD64826008E95A2 /* PBXTargetDependency */ = {
			isa = PBXTargetDependency;
			target = 07F59CD51FD64826008E95A2 /* ParkingPal */;
			targetProxy = 07F59CF21FD64826008E95A2 /* PBXContainerItemProxy */;
		};
		07F59CFE1FD64826008E95A2 /* PBXTargetDependency */ = {
			isa = PBXTargetDependency;
			target = 07F59CD51FD64826008E95A2 /* ParkingPal */;
			targetProxy = 07F59CFD1FD64826008E95A2 /* PBXContainerItemProxy */;
		};
/* End PBXTargetDependency section */

/* Begin PBXVariantGroup section */
		07F59CDF1FD64826008E95A2 /* Main.storyboard */ = {
			isa = PBXVariantGroup;
			children = (
				07F59CE01FD64826008E95A2 /* Base */,
			);
			name = Main.storyboard;
			sourceTree = "<group>";
		};
		07F59CE71FD64826008E95A2 /* LaunchScreen.storyboard */ = {
			isa = PBXVariantGroup;
			children = (
				07F59CE81FD64826008E95A2 /* Base */,
			);
			name = LaunchScreen.storyboard;
			sourceTree = "<group>";
		};
/* End PBXVariantGroup section */

/* Begin XCBuildConfiguration section */
		07F59D031FD64826008E95A2 /* Debug */ = {
			isa = XCBuildConfiguration;
			buildSettings = {
				ALWAYS_SEARCH_USER_PATHS = NO;
				CLANG_ANALYZER_NONNULL = YES;
				CLANG_ANALYZER_NUMBER_OBJECT_CONVERSION = YES_AGGRESSIVE;
				CLANG_CXX_LANGUAGE_STANDARD = "gnu++14";
				CLANG_CXX_LIBRARY = "libc++";
				CLANG_ENABLE_MODULES = YES;
				CLANG_ENABLE_OBJC_ARC = YES;
				CLANG_WARN_BLOCK_CAPTURE_AUTORELEASING = YES;
				CLANG_WARN_BOOL_CONVERSION = YES;
				CLANG_WARN_COMMA = YES;
				CLANG_WARN_CONSTANT_CONVERSION = YES;
				CLANG_WARN_DIRECT_OBJC_ISA_USAGE = YES_ERROR;
				CLANG_WARN_DOCUMENTATION_COMMENTS = YES;
				CLANG_WARN_EMPTY_BODY = YES;
				CLANG_WARN_ENUM_CONVERSION = YES;
				CLANG_WARN_INFINITE_RECURSION = YES;
				CLANG_WARN_INT_CONVERSION = YES;
				CLANG_WARN_NON_LITERAL_NULL_CONVERSION = YES;
				CLANG_WARN_OBJC_LITERAL_CONVERSION = YES;
				CLANG_WARN_OBJC_ROOT_CLASS = YES_ERROR;
				CLANG_WARN_RANGE_LOOP_ANALYSIS = YES;
				CLANG_WARN_STRICT_PROTOTYPES = YES;
				CLANG_WARN_SUSPICIOUS_MOVE = YES;
				CLANG_WARN_UNGUARDED_AVAILABILITY = YES_AGGRESSIVE;
				CLANG_WARN_UNREACHABLE_CODE = YES;
				CLANG_WARN__DUPLICATE_METHOD_MATCH = YES;
				CODE_SIGN_IDENTITY = "iPhone Developer";
				COPY_PHASE_STRIP = NO;
				DEBUG_INFORMATION_FORMAT = dwarf;
				ENABLE_STRICT_OBJC_MSGSEND = YES;
				ENABLE_TESTABILITY = YES;
				GCC_C_LANGUAGE_STANDARD = gnu11;
				GCC_DYNAMIC_NO_PIC = NO;
				GCC_NO_COMMON_BLOCKS = YES;
				GCC_OPTIMIZATION_LEVEL = 0;
				GCC_PREPROCESSOR_DEFINITIONS = (
					"DEBUG=1",
					"$(inherited)",
				);
				GCC_WARN_64_TO_32_BIT_CONVERSION = YES;
				GCC_WARN_ABOUT_RETURN_TYPE = YES_ERROR;
				GCC_WARN_UNDECLARED_SELECTOR = YES;
				GCC_WARN_UNINITIALIZED_AUTOS = YES_AGGRESSIVE;
				GCC_WARN_UNUSED_FUNCTION = YES;
				GCC_WARN_UNUSED_VARIABLE = YES;
				IPHONEOS_DEPLOYMENT_TARGET = 11.1;
				MTL_ENABLE_DEBUG_INFO = YES;
				ONLY_ACTIVE_ARCH = YES;
				SDKROOT = iphoneos;
			};
			name = Debug;
		};
		07F59D041FD64826008E95A2 /* Release */ = {
			isa = XCBuildConfiguration;
			buildSettings = {
				ALWAYS_SEARCH_USER_PATHS = NO;
				CLANG_ANALYZER_NONNULL = YES;
				CLANG_ANALYZER_NUMBER_OBJECT_CONVERSION = YES_AGGRESSIVE;
				CLANG_CXX_LANGUAGE_STANDARD = "gnu++14";
				CLANG_CXX_LIBRARY = "libc++";
				CLANG_ENABLE_MODULES = YES;
				CLANG_ENABLE_OBJC_ARC = YES;
				CLANG_WARN_BLOCK_CAPTURE_AUTORELEASING = YES;
				CLANG_WARN_BOOL_CONVERSION = YES;
				CLANG_WARN_COMMA = YES;
				CLANG_WARN_CONSTANT_CONVERSION = YES;
				CLANG_WARN_DIRECT_OBJC_ISA_USAGE = YES_ERROR;
				CLANG_WARN_DOCUMENTATION_COMMENTS = YES;
				CLANG_WARN_EMPTY_BODY = YES;
				CLANG_WARN_ENUM_CONVERSION = YES;
				CLANG_WARN_INFINITE_RECURSION = YES;
				CLANG_WARN_INT_CONVERSION = YES;
				CLANG_WARN_NON_LITERAL_NULL_CONVERSION = YES;
				CLANG_WARN_OBJC_LITERAL_CONVERSION = YES;
				CLANG_WARN_OBJC_ROOT_CLASS = YES_ERROR;
				CLANG_WARN_RANGE_LOOP_ANALYSIS = YES;
				CLANG_WARN_STRICT_PROTOTYPES = YES;
				CLANG_WARN_SUSPICIOUS_MOVE = YES;
				CLANG_WARN_UNGUARDED_AVAILABILITY = YES_AGGRESSIVE;
				CLANG_WARN_UNREACHABLE_CODE = YES;
				CLANG_WARN__DUPLICATE_METHOD_MATCH = YES;
				CODE_SIGN_IDENTITY = "iPhone Developer";
				COPY_PHASE_STRIP = NO;
				DEBUG_INFORMATION_FORMAT = "dwarf-with-dsym";
				ENABLE_NS_ASSERTIONS = NO;
				ENABLE_STRICT_OBJC_MSGSEND = YES;
				GCC_C_LANGUAGE_STANDARD = gnu11;
				GCC_NO_COMMON_BLOCKS = YES;
				GCC_WARN_64_TO_32_BIT_CONVERSION = YES;
				GCC_WARN_ABOUT_RETURN_TYPE = YES_ERROR;
				GCC_WARN_UNDECLARED_SELECTOR = YES;
				GCC_WARN_UNINITIALIZED_AUTOS = YES_AGGRESSIVE;
				GCC_WARN_UNUSED_FUNCTION = YES;
				GCC_WARN_UNUSED_VARIABLE = YES;
				IPHONEOS_DEPLOYMENT_TARGET = 11.1;
				MTL_ENABLE_DEBUG_INFO = NO;
				SDKROOT = iphoneos;
				VALIDATE_PRODUCT = YES;
			};
			name = Release;
		};
		07F59D061FD64826008E95A2 /* Debug */ = {
			isa = XCBuildConfiguration;
			buildSettings = {
				ASSETCATALOG_COMPILER_APPICON_NAME = AppIcon;
				CODE_SIGN_STYLE = Automatic;
				DEVELOPMENT_TEAM = 6265WJ885L;
				INFOPLIST_FILE = ParkingPal/Info.plist;
				LD_RUNPATH_SEARCH_PATHS = "$(inherited) @executable_path/Frameworks";
				PRODUCT_BUNDLE_IDENTIFIER = com.erickeith.ParkingPal;
				PRODUCT_NAME = "$(TARGET_NAME)";
				TARGETED_DEVICE_FAMILY = "1,2";
			};
			name = Debug;
		};
		07F59D071FD64826008E95A2 /* Release */ = {
			isa = XCBuildConfiguration;
			buildSettings = {
				ASSETCATALOG_COMPILER_APPICON_NAME = AppIcon;
				CODE_SIGN_STYLE = Automatic;
				DEVELOPMENT_TEAM = 6265WJ885L;
				INFOPLIST_FILE = ParkingPal/Info.plist;
				LD_RUNPATH_SEARCH_PATHS = "$(inherited) @executable_path/Frameworks";
				PRODUCT_BUNDLE_IDENTIFIER = com.erickeith.ParkingPal;
				PRODUCT_NAME = "$(TARGET_NAME)";
				TARGETED_DEVICE_FAMILY = "1,2";
			};
			name = Release;
		};
		07F59D091FD64826008E95A2 /* Debug */ = {
			isa = XCBuildConfiguration;
			buildSettings = {
				BUNDLE_LOADER = "$(TEST_HOST)";
				CODE_SIGN_STYLE = Automatic;
				DEVELOPMENT_TEAM = 6265WJ885L;
				INFOPLIST_FILE = ParkingPalTests/Info.plist;
				LD_RUNPATH_SEARCH_PATHS = "$(inherited) @executable_path/Frameworks @loader_path/Frameworks";
				PRODUCT_BUNDLE_IDENTIFIER = com.erickeith.ParkingPalTests;
				PRODUCT_NAME = "$(TARGET_NAME)";
				TARGETED_DEVICE_FAMILY = "1,2";
				TEST_HOST = "$(BUILT_PRODUCTS_DIR)/ParkingPal.app/ParkingPal";
			};
			name = Debug;
		};
		07F59D0A1FD64826008E95A2 /* Release */ = {
			isa = XCBuildConfiguration;
			buildSettings = {
				BUNDLE_LOADER = "$(TEST_HOST)";
				CODE_SIGN_STYLE = Automatic;
				DEVELOPMENT_TEAM = 6265WJ885L;
				INFOPLIST_FILE = ParkingPalTests/Info.plist;
				LD_RUNPATH_SEARCH_PATHS = "$(inherited) @executable_path/Frameworks @loader_path/Frameworks";
				PRODUCT_BUNDLE_IDENTIFIER = com.erickeith.ParkingPalTests;
				PRODUCT_NAME = "$(TARGET_NAME)";
				TARGETED_DEVICE_FAMILY = "1,2";
				TEST_HOST = "$(BUILT_PRODUCTS_DIR)/ParkingPal.app/ParkingPal";
			};
			name = Release;
		};
		07F59D0C1FD64826008E95A2 /* Debug */ = {
			isa = XCBuildConfiguration;
			buildSettings = {
				CODE_SIGN_STYLE = Automatic;
				DEVELOPMENT_TEAM = 6265WJ885L;
				INFOPLIST_FILE = ParkingPalUITests/Info.plist;
				LD_RUNPATH_SEARCH_PATHS = "$(inherited) @executable_path/Frameworks @loader_path/Frameworks";
				PRODUCT_BUNDLE_IDENTIFIER = com.erickeith.ParkingPalUITests;
				PRODUCT_NAME = "$(TARGET_NAME)";
				TARGETED_DEVICE_FAMILY = "1,2";
				TEST_TARGET_NAME = ParkingPal;
			};
			name = Debug;
		};
		07F59D0D1FD64826008E95A2 /* Release */ = {
			isa = XCBuildConfiguration;
			buildSettings = {
				CODE_SIGN_STYLE = Automatic;
				DEVELOPMENT_TEAM = 6265WJ885L;
				INFOPLIST_FILE = ParkingPalUITests/Info.plist;
				LD_RUNPATH_SEARCH_PATHS = "$(inherited) @executable_path/Frameworks @loader_path/Frameworks";
				PRODUCT_BUNDLE_IDENTIFIER = com.erickeith.ParkingPalUITests;
				PRODUCT_NAME = "$(TARGET_NAME)";
				TARGETED_DEVICE_FAMILY = "1,2";
				TEST_TARGET_NAME = ParkingPal;
			};
			name = Release;
		};
/* End XCBuildConfiguration section */

/* Begin XCConfigurationList section */
		07F59CD11FD64826008E95A2 /* Build configuration list for PBXProject "ParkingPal" */ = {
			isa = XCConfigurationList;
			buildConfigurations = (
				07F59D031FD64826008E95A2 /* Debug */,
				07F59D041FD64826008E95A2 /* Release */,
			);
			defaultConfigurationIsVisible = 0;
			defaultConfigurationName = Release;
		};
		07F59D051FD64826008E95A2 /* Build configuration list for PBXNativeTarget "ParkingPal" */ = {
			isa = XCConfigurationList;
			buildConfigurations = (
				07F59D061FD64826008E95A2 /* Debug */,
				07F59D071FD64826008E95A2 /* Release */,
			);
			defaultConfigurationIsVisible = 0;
			defaultConfigurationName = Release;
		};
		07F59D081FD64826008E95A2 /* Build configuration list for PBXNativeTarget "ParkingPalTests" */ = {
			isa = XCConfigurationList;
			buildConfigurations = (
				07F59D091FD64826008E95A2 /* Debug */,
				07F59D0A1FD64826008E95A2 /* Release */,
			);
			defaultConfigurationIsVisible = 0;
			defaultConfigurationName = Release;
		};
		07F59D0B1FD64826008E95A2 /* Build configuration list for PBXNativeTarget "ParkingPalUITests" */ = {
			isa = XCConfigurationList;
			buildConfigurations = (
				07F59D0C1FD64826008E95A2 /* Debug */,
				07F59D0D1FD64826008E95A2 /* Release */,
			);
			defaultConfigurationIsVisible = 0;
			defaultConfigurationName = Release;
		};
/* End XCConfigurationList section */

/* Begin XCVersionGroup section */
		078318911FD648E700908F2D /* ParkingPal.xcdatamodeld */ = {
			isa = XCVersionGroup;
			children = (
				078318921FD648E700908F2D /* ParkingPal.xcdatamodel */,
			);
			currentVersion = 078318921FD648E700908F2D /* ParkingPal.xcdatamodel */;
			path = ParkingPal.xcdatamodeld;
			sourceTree = "<group>";
			versionGroupType = wrapper.xcdatamodel;
		};
		07F59CE21FD64826008E95A2 /* ParkingPal.xcdatamodeld */ = {
			isa = XCVersionGroup;
			children = (
				07F59CE31FD64826008E95A2 /* ParkingPal.xcdatamodel */,
			);
			currentVersion = 07F59CE31FD64826008E95A2 /* ParkingPal.xcdatamodel */;
			path = ParkingPal.xcdatamodeld;
			sourceTree = "<group>";
			versionGroupType = wrapper.xcdatamodel;
		};
/* End XCVersionGroup section */
	};
	rootObject = 07F59CCE1FD64826008E95A2 /* Project object */;
}
